// !$*UTF8*$!
{
	archiveVersion = 1;
	classes = {
	};
	objectVersion = 46;
	objects = {

/* Begin PBXBuildFile section */
		7713ECB91F0D31C8002558CE /* AppDelegate.swift in Sources */ = {isa = PBXBuildFile; fileRef = 7713ECB81F0D31C8002558CE /* AppDelegate.swift */; };
		7713ECBB1F0D31C8002558CE /* ViewController.swift in Sources */ = {isa = PBXBuildFile; fileRef = 7713ECBA1F0D31C8002558CE /* ViewController.swift */; };
		7713ECBE1F0D31C8002558CE /* Main.storyboard in Resources */ = {isa = PBXBuildFile; fileRef = 7713ECBC1F0D31C8002558CE /* Main.storyboard */; };
		7713ECC11F0D31C8002558CE /* DoIt.xcdatamodeld in Sources */ = {isa = PBXBuildFile; fileRef = 7713ECBF1F0D31C8002558CE /* DoIt.xcdatamodeld */; };
		7713ECC31F0D31C8002558CE /* Assets.xcassets in Resources */ = {isa = PBXBuildFile; fileRef = 7713ECC21F0D31C8002558CE /* Assets.xcassets */; };
		7713ECC61F0D31C8002558CE /* LaunchScreen.storyboard in Resources */ = {isa = PBXBuildFile; fileRef = 7713ECC41F0D31C8002558CE /* LaunchScreen.storyboard */; };
		7713ECCE1F0D375E002558CE /* Task.swift in Sources */ = {isa = PBXBuildFile; fileRef = 7713ECCD1F0D375E002558CE /* Task.swift */; };
/* End PBXBuildFile section */

/* Begin PBXFileReference section */
		7713ECB51F0D31C8002558CE /* DoIt.app */ = {isa = PBXFileReference; explicitFileType = wrapper.application; includeInIndex = 0; path = DoIt.app; sourceTree = BUILT_PRODUCTS_DIR; };
		7713ECB81F0D31C8002558CE /* AppDelegate.swift */ = {isa = PBXFileReference; lastKnownFileType = sourcecode.swift; path = AppDelegate.swift; sourceTree = "<group>"; };
		7713ECBA1F0D31C8002558CE /* ViewController.swift */ = {isa = PBXFileReference; lastKnownFileType = sourcecode.swift; path = ViewController.swift; sourceTree = "<group>"; };
		7713ECBD1F0D31C8002558CE /* Base */ = {isa = PBXFileReference; lastKnownFileType = file.storyboard; name = Base; path = Base.lproj/Main.storyboard; sourceTree = "<group>"; };
		7713ECC01F0D31C8002558CE /* DoIt.xcdatamodel */ = {isa = PBXFileReference; lastKnownFileType = wrapper.xcdatamodel; path = DoIt.xcdatamodel; sourceTree = "<group>"; };
		7713ECC21F0D31C8002558CE /* Assets.xcassets */ = {isa = PBXFileReference; lastKnownFileType = folder.assetcatalog; path = Assets.xcassets; sourceTree = "<group>"; };
		7713ECC51F0D31C8002558CE /* Base */ = {isa = PBXFileReference; lastKnownFileType = file.storyboard; name = Base; path = Base.lproj/LaunchScreen.storyboard; sourceTree = "<group>"; };
		7713ECC71F0D31C8002558CE /* Info.plist */ = {isa = PBXFileReference; lastKnownFileType = text.plist.xml; path = Info.plist; sourceTree = "<group>"; };
		7713ECCD1F0D375E002558CE /* Task.swift */ = {isa = PBXFileReference; fileEncoding = 4; lastKnownFileType = sourcecode.swift; path = Task.swift; sourceTree = "<group>"; };
/* End PBXFileReference section */

/* Begin PBXFrameworksBuildPhase section */
		7713ECB21F0D31C8002558CE /* Frameworks */ = {
			isa = PBXFrameworksBuildPhase;
			buildActionMask = 2147483647;
			files = (
			);
			runOnlyForDeploymentPostprocessing = 0;
		};
/* End PBXFrameworksBuildPhase section */

/* Begin PBXGroup section */
		7713ECAC1F0D31C8002558CE = {
			isa = PBXGroup;
			children = (
				7713ECB71F0D31C8002558CE /* DoIt */,
				7713ECB61F0D31C8002558CE /* Products */,
			);
			sourceTree = "<group>";
		};
		7713ECB61F0D31C8002558CE /* Products */ = {
			isa = PBXGroup;
			children = (
				7713ECB51F0D31C8002558CE /* DoIt.app */,
			);
			name = Products;
			sourceTree = "<group>";
		};
		7713ECB71F0D31C8002558CE /* DoIt */ = {
			isa = PBXGroup;
			children = (
				7713ECB81F0D31C8002558CE /* AppDelegate.swift */,
				7713ECBA1F0D31C8002558CE /* ViewController.swift */,
				7713ECBC1F0D31C8002558CE /* Main.storyboard */,
				7713ECC21F0D31C8002558CE /* Assets.xcassets */,
				7713ECC41F0D31C8002558CE /* LaunchScreen.storyboard */,
				7713ECC71F0D31C8002558CE /* Info.plist */,
				7713ECBF1F0D31C8002558CE /* DoIt.xcdatamodeld */,
				7713ECCD1F0D375E002558CE /* Task.swift */,
			);
			path = DoIt;
			sourceTree = "<group>";
		};
/* End PBXGroup section */

/* Begin PBXNativeTarget section */
		7713ECB41F0D31C8002558CE /* DoIt */ = {
			isa = PBXNativeTarget;
			buildConfigurationList = 7713ECCA1F0D31C8002558CE /* Build configuration list for PBXNativeTarget "DoIt" */;
			buildPhases = (
				7713ECB11F0D31C8002558CE /* Sources */,
				7713ECB21F0D31C8002558CE /* Frameworks */,
				7713ECB31F0D31C8002558CE /* Resources */,
			);
			buildRules = (
			);
			dependencies = (
			);
			name = DoIt;
			productName = DoIt;
			productReference = 7713ECB51F0D31C8002558CE /* DoIt.app */;
			productType = "com.apple.product-type.application";
		};
/* End PBXNativeTarget section */

/* Begin PBXProject section */
		7713ECAD1F0D31C8002558CE /* Project object */ = {
			isa = PBXProject;
			attributes = {
				LastSwiftUpdateCheck = 0830;
				LastUpgradeCheck = 0830;
				ORGANIZATIONNAME = "Michael Teti";
				TargetAttributes = {
					7713ECB41F0D31C8002558CE = {
						CreatedOnToolsVersion = 8.3.3;
						DevelopmentTeam = S9R8382P33;
						ProvisioningStyle = Automatic;
					};
				};
			};
			buildConfigurationList = 7713ECB01F0D31C8002558CE /* Build configuration list for PBXProject "DoIt" */;
			compatibilityVersion = "Xcode 3.2";
			developmentRegion = English;
			hasScannedForEncodings = 0;
			knownRegions = (
				en,
				Base,
			);
			mainGroup = 7713ECAC1F0D31C8002558CE;
			productRefGroup = 7713ECB61F0D31C8002558CE /* Products */;
			projectDirPath = "";
			projectRoot = "";
			targets = (
				7713ECB41F0D31C8002558CE /* DoIt */,
			);
		};
/* End PBXProject section */

/* Begin PBXResourcesBuildPhase section */
		7713ECB31F0D31C8002558CE /* Resources */ = {
			isa = PBXResourcesBuildPhase;
			buildActionMask = 2147483647;
			files = (
				7713ECC61F0D31C8002558CE /* LaunchScreen.storyboard in Resources */,
				7713ECC31F0D31C8002558CE /* Assets.xcassets in Resources */,
				7713ECBE1F0D31C8002558CE /* Main.storyboard in Resources */,
			);
			runOnlyForDeploymentPostprocessing = 0;
		};
/* End PBXResourcesBuildPhase section */

/* Begin PBXSourcesBuildPhase section */
		7713ECB11F0D31C8002558CE /* Sources */ = {
			isa = PBXSourcesBuildPhase;
			buildActionMask = 2147483647;
			files = (
				7713ECCE1F0D375E002558CE /* Task.swift in Sources */,
				7713ECC11F0D31C8002558CE /* DoIt.xcdatamodeld in Sources */,
				7713ECBB1F0D31C8002558CE /* ViewController.swift in Sources */,
				7713ECB91F0D31C8002558CE /* AppDelegate.swift in Sources */,
			);
			runOnlyForDeploymentPostprocessing = 0;
		};
/* End PBXSourcesBuildPhase section */

/* Begin PBXVariantGroup section */
		7713ECBC1F0D31C8002558CE /* Main.storyboard */ = {
			isa = PBXVariantGroup;
			children = (
				7713ECBD1F0D31C8002558CE /* Base */,
			);
			name = Main.storyboard;
			sourceTree = "<group>";
		};
		7713ECC41F0D31C8002558CE /* LaunchScreen.storyboard */ = {
			isa = PBXVariantGroup;
			children = (
				7713ECC51F0D31C8002558CE /* Base */,
			);
			name = LaunchScreen.storyboard;
			sourceTree = "<group>";
		};
/* End PBXVariantGroup section */

/* Begin XCBuildConfiguration section */
		7713ECC81F0D31C8002558CE /* Debug */ = {
			isa = XCBuildConfiguration;
			buildSettings = {
				ALWAYS_SEARCH_USER_PATHS = NO;
				CLANG_ANALYZER_NONNULL = YES;
				CLANG_ANALYZER_NUMBER_OBJECT_CONVERSION = YES_AGGRESSIVE;
				CLANG_CXX_LANGUAGE_STANDARD = "gnu++0x";
				CLANG_CXX_LIBRARY = "libc++";
				CLANG_ENABLE_MODULES = YES;
				CLANG_ENABLE_OBJC_ARC = YES;
				CLANG_WARN_BOOL_CONVERSION = YES;
				CLANG_WARN_CONSTANT_CONVERSION = YES;
				CLANG_WARN_DIRECT_OBJC_ISA_USAGE = YES_ERROR;
				CLANG_WARN_DOCUMENTATION_COMMENTS = YES;
				CLANG_WARN_EMPTY_BODY = YES;
				CLANG_WARN_ENUM_CONVERSION = YES;
				CLANG_WARN_INFINITE_RECURSION = YES;
				CLANG_WARN_INT_CONVERSION = YES;
				CLANG_WARN_OBJC_ROOT_CLASS = YES_ERROR;
				CLANG_WARN_SUSPICIOUS_MOVE = YES;
				CLANG_WARN_UNREACHABLE_CODE = YES;
				CLANG_WARN__DUPLICATE_METHOD_MATCH = YES;
				"CODE_SIGN_IDENTITY[sdk=iphoneos*]" = "iPhone Developer";
				COPY_PHASE_STRIP = NO;
				DEBUG_INFORMATION_FORMAT = dwarf;
				ENABLE_STRICT_OBJC_MSGSEND = YES;
				ENABLE_TESTABILITY = YES;
				GCC_C_LANGUAGE_STANDARD = gnu99;
				GCC_DYNAMIC_NO_PIC = NO;
				GCC_NO_COMMON_BLOCKS = YES;
				GCC_OPTIMIZATION_LEVEL = 0;
				GCC_PREPROCESSOR_DEFINITIONS = (
					"DEBUG=1",
					"$(inherited)",
				);
				GCC_WARN_64_TO_32_BIT_CONVERSION = YES;
				GCC_WARN_ABOUT_RETURN_TYPE = YES_ERROR;
				GCC_WARN_UNDECLARED_SELECTOR = YES;
				GCC_WARN_UNINITIALIZED_AUTOS = YES_AGGRESSIVE;
				GCC_WARN_UNUSED_FUNCTION = YES;
				GCC_WARN_UNUSED_VARIABLE = YES;
				IPHONEOS_DEPLOYMENT_TARGET = 10.3;
				MTL_ENABLE_DEBUG_INFO = YES;
				ONLY_ACTIVE_ARCH = YES;
				SDKROOT = iphoneos;
				SWIFT_ACTIVE_COMPILATION_CONDITIONS = DEBUG;
				SWIFT_OPTIMIZATION_LEVEL = "-Onone";
				TARGETED_DEVICE_FAMILY = "1,2";
			};
			name = Debug;
		};
		7713ECC91F0D31C8002558CE /* Release */ = {
			isa = XCBuildConfiguration;
			buildSettings = {
				ALWAYS_SEARCH_USER_PATHS = NO;
				CLANG_ANALYZER_NONNULL = YES;
				CLANG_ANALYZER_NUMBER_OBJECT_CONVERSION = YES_AGGRESSIVE;
				CLANG_CXX_LANGUAGE_STANDARD = "gnu++0x";
				CLANG_CXX_LIBRARY = "libc++";
				CLANG_ENABLE_MODULES = YES;
				CLANG_ENABLE_OBJC_ARC = YES;
				CLANG_WARN_BOOL_CONVERSION = YES;
				CLANG_WARN_CONSTANT_CONVERSION = YES;
				CLANG_WARN_DIRECT_OBJC_ISA_USAGE = YES_ERROR;
				CLANG_WARN_DOCUMENTATION_COMMENTS = YES;
				CLANG_WARN_EMPTY_BODY = YES;
				CLANG_WARN_ENUM_CONVERSION = YES;
				CLANG_WARN_INFINITE_RECURSION = YES;
				CLANG_WARN_INT_CONVERSION = YES;
				CLANG_WARN_OBJC_ROOT_CLASS = YES_ERROR;
				CLANG_WARN_SUSPICIOUS_MOVE = YES;
				CLANG_WARN_UNREACHABLE_CODE = YES;
				CLANG_WARN__DUPLICATE_METHOD_MATCH = YES;
				"CODE_SIGN_IDENTITY[sdk=iphoneos*]" = "iPhone Developer";
				COPY_PHASE_STRIP = NO;
				DEBUG_INFORMATION_FORMAT = "dwarf-with-dsym";
				ENABLE_NS_ASSERTIONS = NO;
				ENABLE_STRICT_OBJC_MSGSEND = YES;
				GCC_C_LANGUAGE_STANDARD = gnu99;
				GCC_NO_COMMON_BLOCKS = YES;
				GCC_WARN_64_TO_32_BIT_CONVERSION = YES;
				GCC_WARN_ABOUT_RETURN_TYPE = YES_ERROR;
				GCC_WARN_UNDECLARED_SELECTOR = YES;
				GCC_WARN_UNINITIALIZED_AUTOS = YES_AGGRESSIVE;
				GCC_WARN_UNUSED_FUNCTION = YES;
				GCC_WARN_UNUSED_VARIABLE = YES;
				IPHONEOS_DEPLOYMENT_TARGET = 10.3;
				MTL_ENABLE_DEBUG_INFO = NO;
				SDKROOT = iphoneos;
				SWIFT_OPTIMIZATION_LEVEL = "-Owholemodule";
				TARGETED_DEVICE_FAMILY = "1,2";
				VALIDATE_PRODUCT = YES;
			};
			name = Release;
		};
		7713ECCB1F0D31C8002558CE /* Debug */ = {
			isa = XCBuildConfiguration;
			buildSettings = {
				ASSETCATALOG_COMPILER_APPICON_NAME = AppIcon;
				DEVELOPMENT_TEAM = S9R8382P33;
				INFOPLIST_FILE = DoIt/Info.plist;
				LD_RUNPATH_SEARCH_PATHS = "$(inherited) @executable_path/Frameworks";
				PRODUCT_BUNDLE_IDENTIFIER = com.optimalcapacity.DoIt;
				PRODUCT_NAME = "$(TARGET_NAME)";
				SWIFT_VERSION = 3.0;
			};
			name = Debug;
		};
		7713ECCC1F0D31C8002558CE /* Release */ = {
			isa = XCBuildConfiguration;
			buildSettings = {
				ASSETCATALOG_COMPILER_APPICON_NAME = AppIcon;
				DEVELOPMENT_TEAM = S9R8382P33;
				INFOPLIST_FILE = DoIt/Info.plist;
				LD_RUNPATH_SEARCH_PATHS = "$(inherited) @executable_path/Frameworks";
				PRODUCT_BUNDLE_IDENTIFIER = com.optimalcapacity.DoIt;
				PRODUCT_NAME = "$(TARGET_NAME)";
				SWIFT_VERSION = 3.0;
			};
			name = Release;
		};
/* End XCBuildConfiguration section */

/* Begin XCConfigurationList section */
		7713ECB01F0D31C8002558CE /* Build configuration list for PBXProject "DoIt" */ = {
			isa = XCConfigurationList;
			buildConfigurations = (
				7713ECC81F0D31C8002558CE /* Debug */,
				7713ECC91F0D31C8002558CE /* Release */,
			);
			defaultConfigurationIsVisible = 0;
			defaultConfigurationName = Release;
		};
		7713ECCA1F0D31C8002558CE /* Build configuration list for PBXNativeTarget "DoIt" */ = {
			isa = XCConfigurationList;
			buildConfigurations = (
				7713ECCB1F0D31C8002558CE /* Debug */,
				7713ECCC1F0D31C8002558CE /* Release */,
			);
			defaultConfigurationIsVisible = 0;
		};
/* End XCConfigurationList section */

/* Begin XCVersionGroup section */
		7713ECBF1F0D31C8002558CE /* DoIt.xcdatamodeld */ = {
			isa = XCVersionGroup;
			children = (
				7713ECC01F0D31C8002558CE /* DoIt.xcdatamodel */,
			);
			currentVersion = 7713ECC01F0D31C8002558CE /* DoIt.xcdatamodel */;
			path = DoIt.xcdatamodeld;
			sourceTree = "<group>";
			versionGroupType = wrapper.xcdatamodel;
		};
/* End XCVersionGroup section */
	};
	rootObject = 7713ECAD1F0D31C8002558CE /* Project object */;
}
